
Microsoft Visual Studio Solution File, Format Version 12.00
# Visual Studio Version 16
VisualStudioVersion = 16.0.30503.244
MinimumVisualStudioVersion = 10.0.40219.1
Project("{9A19103F-16F7-4668-BE54-9A1E7A4F7556}") = "LinkedList", "LinkedList.csproj", "{8E5971E5-3916-49FC-8B57-3E23FC4BC1CC}"
EndProject
Project("{FAE04EC0-301F-11D3-BF4B-00C04F79EFBC}") = "LinkedListTest", "..\LinkedListTest\LinkedListTest.csproj", "{72FE5CD3-34D2-43CF-89F1-062CAD144751}"
EndProject
Global
	GlobalSection(SolutionConfigurationPlatforms) = preSolution
		Debug|Any CPU = Debug|Any CPU
		Release|Any CPU = Release|Any CPU
	EndGlobalSection
	GlobalSection(ProjectConfigurationPlatforms) = postSolution
		{8E5971E5-3916-49FC-8B57-3E23FC4BC1CC}.Debug|Any CPU.ActiveCfg = Debug|Any CPU
		{8E5971E5-3916-49FC-8B57-3E23FC4BC1CC}.Debug|Any CPU.Build.0 = Debug|Any CPU
		{8E5971E5-3916-49FC-8B57-3E23FC4BC1CC}.Release|Any CPU.ActiveCfg = Release|Any CPU
		{8E5971E5-3916-49FC-8B57-3E23FC4BC1CC}.Release|Any CPU.Build.0 = Release|Any CPU
		{72FE5CD3-34D2-43CF-89F1-062CAD144751}.Debug|Any CPU.ActiveCfg = Debug|Any CPU
		{72FE5CD3-34D2-43CF-89F1-062CAD144751}.Debug|Any CPU.Build.0 = Debug|Any CPU
		{72FE5CD3-34D2-43CF-89F1-062CAD144751}.Release|Any CPU.ActiveCfg = Release|Any CPU
		{72FE5CD3-34D2-43CF-89F1-062CAD144751}.Release|Any CPU.Build.0 = Release|Any CPU
	EndGlobalSection
	GlobalSection(SolutionProperties) = preSolution
		HideSolutionNode = FALSE
	EndGlobalSection
	GlobalSection(ExtensibilityGlobals) = postSolution
		SolutionGuid = {BD760131-2F39-4673-A985-01DECF4A7F46}
	EndGlobalSection
EndGlobal
